
Microsoft Visual Studio Solution File, Format Version 12.00
# Visual Studio Version 16
VisualStudioVersion = 16.0.31129.286
MinimumVisualStudioVersion = 10.0.40219.1
Project("{9A19103F-16F7-4668-BE54-9A1E7A4F7556}") = "a_s1", "a_s1\a_s1.csproj", "{A75B0ACC-D1AA-4AC9-B7A9-7CDF7FAD8760}"
EndProject
Project("{54435603-DBB4-11D2-8724-00A0C9A8B90C}") = "Setup1", "Setup1\Setup1.vdproj", "{1848F5F6-51F7-467D-9423-2CF0EA1763F7}"
EndProject
Global
	GlobalSection(SolutionConfigurationPlatforms) = preSolution
		Debug|Any CPU = Debug|Any CPU
		Release|Any CPU = Release|Any CPU
	EndGlobalSection
	GlobalSection(ProjectConfigurationPlatforms) = postSolution
		{A75B0ACC-D1AA-4AC9-B7A9-7CDF7FAD8760}.Debug|Any CPU.ActiveCfg = Debug|Any CPU
		{A75B0ACC-D1AA-4AC9-B7A9-7CDF7FAD8760}.Debug|Any CPU.Build.0 = Debug|Any CPU
		{A75B0ACC-D1AA-4AC9-B7A9-7CDF7FAD8760}.Release|Any CPU.ActiveCfg = Release|Any CPU
		{A75B0ACC-D1AA-4AC9-B7A9-7CDF7FAD8760}.Release|Any CPU.Build.0 = Release|Any CPU
		{1848F5F6-51F7-467D-9423-2CF0EA1763F7}.Debug|Any CPU.ActiveCfg = Debug
		{1848F5F6-51F7-467D-9423-2CF0EA1763F7}.Release|Any CPU.ActiveCfg = Release
	EndGlobalSection
	GlobalSection(SolutionProperties) = preSolution
		HideSolutionNode = FALSE
	EndGlobalSection
	GlobalSection(ExtensibilityGlobals) = postSolution
		SolutionGuid = {9BE2618F-1CA1-4FC6-9017-516999B7B633}
	EndGlobalSection
EndGlobal
